// !$*UTF8*$!
{
	archiveVersion = 1;
	classes = {
	};
	objectVersion = 48;
	objects = {

/* Begin PBXBuildFile section */
		BE19D1431DCCE01B00664B07 /* libboost_system-mt.dylib in Frameworks */ = {isa = PBXBuildFile; fileRef = BE19D1311DCCDFE700664B07 /* libboost_system-mt.dylib */; };
		BE19D1441DCCE01D00664B07 /* libboost_thread-mt.dylib in Frameworks */ = {isa = PBXBuildFile; fileRef = BE19D1321DCCDFE700664B07 /* libboost_thread-mt.dylib */; };
		BE19D1451DCCE01F00664B07 /* libCGAL.12.0.0.dylib in Frameworks */ = {isa = PBXBuildFile; fileRef = BE19D1331DCCDFE700664B07 /* libCGAL.12.0.0.dylib */; };
		BE19D1461DCCE02600664B07 /* libCGAL_Core.12.0.0.dylib in Frameworks */ = {isa = PBXBuildFile; fileRef = BE19D1341DCCDFE700664B07 /* libCGAL_Core.12.0.0.dylib */; };
		BE19D1471DCCE02E00664B07 /* libgmp.10.dylib in Frameworks */ = {isa = PBXBuildFile; fileRef = BE19D1351DCCDFE700664B07 /* libgmp.10.dylib */; };
		BE19D1481DCCE03000664B07 /* libmpfr.4.dylib in Frameworks */ = {isa = PBXBuildFile; fileRef = BE19D1361DCCDFE700664B07 /* libmpfr.4.dylib */; };
		BE19D14A1DCCE05000664B07 /* libboost_atomic-mt.dylib in CopyFiles */ = {isa = PBXBuildFile; fileRef = BE19D12E1DCCDFE700664B07 /* libboost_atomic-mt.dylib */; settings = {ATTRIBUTES = (CodeSignOnCopy, ); }; };
		BE19D14B1DCCE05000664B07 /* libboost_chrono-mt.dylib in CopyFiles */ = {isa = PBXBuildFile; fileRef = BE19D12F1DCCDFE700664B07 /* libboost_chrono-mt.dylib */; settings = {ATTRIBUTES = (CodeSignOnCopy, ); }; };
		BE19D14C1DCCE05000664B07 /* libboost_date_time-mt.dylib in CopyFiles */ = {isa = PBXBuildFile; fileRef = BE19D1301DCCDFE700664B07 /* libboost_date_time-mt.dylib */; settings = {ATTRIBUTES = (CodeSignOnCopy, ); }; };
		BE19D14D1DCCE05000664B07 /* libboost_system-mt.dylib in CopyFiles */ = {isa = PBXBuildFile; fileRef = BE19D1311DCCDFE700664B07 /* libboost_system-mt.dylib */; settings = {ATTRIBUTES = (CodeSignOnCopy, ); }; };
		BE19D14E1DCCE05000664B07 /* libboost_thread-mt.dylib in CopyFiles */ = {isa = PBXBuildFile; fileRef = BE19D1321DCCDFE700664B07 /* libboost_thread-mt.dylib */; settings = {ATTRIBUTES = (CodeSignOnCopy, ); }; };
		BE19D14F1DCCE05000664B07 /* libCGAL.12.0.0.dylib in CopyFiles */ = {isa = PBXBuildFile; fileRef = BE19D1331DCCDFE700664B07 /* libCGAL.12.0.0.dylib */; settings = {ATTRIBUTES = (CodeSignOnCopy, ); }; };
		BE19D1501DCCE05000664B07 /* libCGAL_Core.12.0.0.dylib in CopyFiles */ = {isa = PBXBuildFile; fileRef = BE19D1341DCCDFE700664B07 /* libCGAL_Core.12.0.0.dylib */; settings = {ATTRIBUTES = (CodeSignOnCopy, ); }; };
		BE19D1511DCCE05000664B07 /* libgmp.10.dylib in CopyFiles */ = {isa = PBXBuildFile; fileRef = BE19D1351DCCDFE700664B07 /* libgmp.10.dylib */; settings = {ATTRIBUTES = (CodeSignOnCopy, ); }; };
		BE19D1521DCCE05000664B07 /* libmpfr.4.dylib in CopyFiles */ = {isa = PBXBuildFile; fileRef = BE19D1361DCCDFE700664B07 /* libmpfr.4.dylib */; settings = {ATTRIBUTES = (CodeSignOnCopy, ); }; };
		BE2CB8AB1DEF26990039785C /* libpugixml.a in Frameworks */ = {isa = PBXBuildFile; fileRef = BE2CB8AA1DEF26990039785C /* libpugixml.a */; };
		BE3E5D251DCE72A50065B553 /* LICENSE in Resources */ = {isa = PBXBuildFile; fileRef = BE3E5D241DCE72A50065B553 /* LICENSE */; };
		BE3E5D271DCE72AA0065B553 /* README.md in Sources */ = {isa = PBXBuildFile; fileRef = BE3E5D261DCE72AA0065B553 /* README.md */; };
		BE4AF9CA1DB7D8A1004FCF22 /* Controller.swift in Sources */ = {isa = PBXBuildFile; fileRef = BE4AF9C91DB7D8A1004FCF22 /* Controller.swift */; };
		BE4AF9CC1DB7D8A1004FCF22 /* Assets.xcassets in Resources */ = {isa = PBXBuildFile; fileRef = BE4AF9CB1DB7D8A1004FCF22 /* Assets.xcassets */; };
		BE4AF9CF1DB7D8A1004FCF22 /* MainMenu.xib in Resources */ = {isa = PBXBuildFile; fileRef = BE4AF9CD1DB7D8A1004FCF22 /* MainMenu.xib */; };
		BE57BC861DDCF2AC0057EEB7 /* file icon.icns in Resources */ = {isa = PBXBuildFile; fileRef = BE57BC851DDCF2AC0057EEB7 /* file icon.icns */; };
		BE5DE7971DD2255900D86610 /* CityGMLParserWrapperWrapper.mm in Sources */ = {isa = PBXBuildFile; fileRef = BE5DE7941DD2255900D86610 /* CityGMLParserWrapperWrapper.mm */; };
		BE5DE7981DD2255900D86610 /* CityGMLParser.cpp in Sources */ = {isa = PBXBuildFile; fileRef = BE5DE7961DD2255900D86610 /* CityGMLParser.cpp */; };
		BE5DE79A1DD2266900D86610 /* Math.swift in Sources */ = {isa = PBXBuildFile; fileRef = BE5DE7991DD2266900D86610 /* Math.swift */; };
		BE5DE79C1DD2268100D86610 /* Shaders.metal in Sources */ = {isa = PBXBuildFile; fileRef = BE5DE79B1DD2268100D86610 /* Shaders.metal */; };
		BE5DE79F1DD226AF00D86610 /* MetalView.swift in Sources */ = {isa = PBXBuildFile; fileRef = BE5DE79E1DD226AF00D86610 /* MetalView.swift */; };
		BE5DE7A11DD226BE00D86610 /* DataStorage.swift in Sources */ = {isa = PBXBuildFile; fileRef = BE5DE7A01DD226BE00D86610 /* DataStorage.swift */; };
		BE8B362D1DD547D6007BCC29 /* Credits.rtf in Resources */ = {isa = PBXBuildFile; fileRef = BE8B362C1DD547D6007BCC29 /* Credits.rtf */; };
		BEADB0DA1DB8A19600B44D7B /* vertex.glsl in Resources */ = {isa = PBXBuildFile; fileRef = BEADB0D91DB8A19600B44D7B /* vertex.glsl */; };
		BEADB0DC1DB8BA2500B44D7B /* fragment.glsl in Resources */ = {isa = PBXBuildFile; fileRef = BEADB0DB1DB8BA2500B44D7B /* fragment.glsl */; };
		BEB006CB1DD2406400C0909D /* OpenGLView.swift in Sources */ = {isa = PBXBuildFile; fileRef = BEB006CA1DD2406400C0909D /* OpenGLView.swift */; };
/* End PBXBuildFile section */

/* Begin PBXCopyFilesBuildPhase section */
		BE19D1491DCCE04500664B07 /* CopyFiles */ = {
			isa = PBXCopyFilesBuildPhase;
			buildActionMask = 2147483647;
			dstPath = "";
			dstSubfolderSpec = 10;
			files = (
				BE19D14A1DCCE05000664B07 /* libboost_atomic-mt.dylib in CopyFiles */,
				BE19D14B1DCCE05000664B07 /* libboost_chrono-mt.dylib in CopyFiles */,
				BE19D14C1DCCE05000664B07 /* libboost_date_time-mt.dylib in CopyFiles */,
				BE19D14D1DCCE05000664B07 /* libboost_system-mt.dylib in CopyFiles */,
				BE19D14E1DCCE05000664B07 /* libboost_thread-mt.dylib in CopyFiles */,
				BE19D14F1DCCE05000664B07 /* libCGAL.12.0.0.dylib in CopyFiles */,
				BE19D1501DCCE05000664B07 /* libCGAL_Core.12.0.0.dylib in CopyFiles */,
				BE19D1511DCCE05000664B07 /* libgmp.10.dylib in CopyFiles */,
				BE19D1521DCCE05000664B07 /* libmpfr.4.dylib in CopyFiles */,
			);
			runOnlyForDeploymentPostprocessing = 0;
		};
/* End PBXCopyFilesBuildPhase section */

/* Begin PBXFileReference section */
		BE19D12E1DCCDFE700664B07 /* libboost_atomic-mt.dylib */ = {isa = PBXFileReference; lastKnownFileType = "compiled.mach-o.dylib"; path = "libboost_atomic-mt.dylib"; sourceTree = "<group>"; };
		BE19D12F1DCCDFE700664B07 /* libboost_chrono-mt.dylib */ = {isa = PBXFileReference; lastKnownFileType = "compiled.mach-o.dylib"; path = "libboost_chrono-mt.dylib"; sourceTree = "<group>"; };
		BE19D1301DCCDFE700664B07 /* libboost_date_time-mt.dylib */ = {isa = PBXFileReference; lastKnownFileType = "compiled.mach-o.dylib"; path = "libboost_date_time-mt.dylib"; sourceTree = "<group>"; };
		BE19D1311DCCDFE700664B07 /* libboost_system-mt.dylib */ = {isa = PBXFileReference; lastKnownFileType = "compiled.mach-o.dylib"; path = "libboost_system-mt.dylib"; sourceTree = "<group>"; };
		BE19D1321DCCDFE700664B07 /* libboost_thread-mt.dylib */ = {isa = PBXFileReference; lastKnownFileType = "compiled.mach-o.dylib"; path = "libboost_thread-mt.dylib"; sourceTree = "<group>"; };
		BE19D1331DCCDFE700664B07 /* libCGAL.12.0.0.dylib */ = {isa = PBXFileReference; lastKnownFileType = "compiled.mach-o.dylib"; path = libCGAL.12.0.0.dylib; sourceTree = "<group>"; };
		BE19D1341DCCDFE700664B07 /* libCGAL_Core.12.0.0.dylib */ = {isa = PBXFileReference; lastKnownFileType = "compiled.mach-o.dylib"; path = libCGAL_Core.12.0.0.dylib; sourceTree = "<group>"; };
		BE19D1351DCCDFE700664B07 /* libgmp.10.dylib */ = {isa = PBXFileReference; lastKnownFileType = "compiled.mach-o.dylib"; path = libgmp.10.dylib; sourceTree = "<group>"; };
		BE19D1361DCCDFE700664B07 /* libmpfr.4.dylib */ = {isa = PBXFileReference; lastKnownFileType = "compiled.mach-o.dylib"; path = libmpfr.4.dylib; sourceTree = "<group>"; };
		BE2CB8AA1DEF26990039785C /* libpugixml.a */ = {isa = PBXFileReference; lastKnownFileType = archive.ar; name = libpugixml.a; path = "../../../../usr/local/Cellar/pugixml/1.8.1/lib/pugixml-1.8/libpugixml.a"; sourceTree = "<group>"; };
		BE3E5D241DCE72A50065B553 /* LICENSE */ = {isa = PBXFileReference; fileEncoding = 4; lastKnownFileType = text; path = LICENSE; sourceTree = "<group>"; };
		BE3E5D261DCE72AA0065B553 /* README.md */ = {isa = PBXFileReference; fileEncoding = 4; lastKnownFileType = net.daringfireball.markdown; path = README.md; sourceTree = "<group>"; };
		BE4AF9C61DB7D8A0004FCF22 /* azul.app */ = {isa = PBXFileReference; explicitFileType = wrapper.application; includeInIndex = 0; path = azul.app; sourceTree = BUILT_PRODUCTS_DIR; };
		BE4AF9C91DB7D8A1004FCF22 /* Controller.swift */ = {isa = PBXFileReference; lastKnownFileType = sourcecode.swift; path = Controller.swift; sourceTree = "<group>"; };
		BE4AF9CB1DB7D8A1004FCF22 /* Assets.xcassets */ = {isa = PBXFileReference; lastKnownFileType = folder.assetcatalog; path = Assets.xcassets; sourceTree = "<group>"; };
		BE4AF9CE1DB7D8A1004FCF22 /* Base */ = {isa = PBXFileReference; lastKnownFileType = file.xib; name = Base; path = Base.lproj/MainMenu.xib; sourceTree = "<group>"; };
		BE4AF9D01DB7D8A1004FCF22 /* Info.plist */ = {isa = PBXFileReference; lastKnownFileType = text.plist.xml; path = Info.plist; sourceTree = "<group>"; };
		BE57BC851DDCF2AC0057EEB7 /* file icon.icns */ = {isa = PBXFileReference; lastKnownFileType = image.icns; path = "file icon.icns"; sourceTree = "<group>"; };
		BE5DE7931DD2255900D86610 /* CityGMLParserWrapperWrapper.h */ = {isa = PBXFileReference; fileEncoding = 4; lastKnownFileType = sourcecode.c.h; path = CityGMLParserWrapperWrapper.h; sourceTree = "<group>"; };
		BE5DE7941DD2255900D86610 /* CityGMLParserWrapperWrapper.mm */ = {isa = PBXFileReference; fileEncoding = 4; lastKnownFileType = sourcecode.cpp.objcpp; path = CityGMLParserWrapperWrapper.mm; sourceTree = "<group>"; };
		BE5DE7951DD2255900D86610 /* CityGMLParser.hpp */ = {isa = PBXFileReference; fileEncoding = 4; lastKnownFileType = sourcecode.cpp.h; path = CityGMLParser.hpp; sourceTree = "<group>"; };
		BE5DE7961DD2255900D86610 /* CityGMLParser.cpp */ = {isa = PBXFileReference; fileEncoding = 4; lastKnownFileType = sourcecode.cpp.cpp; path = CityGMLParser.cpp; sourceTree = "<group>"; };
		BE5DE7991DD2266900D86610 /* Math.swift */ = {isa = PBXFileReference; fileEncoding = 4; lastKnownFileType = sourcecode.swift; path = Math.swift; sourceTree = "<group>"; };
		BE5DE79B1DD2268100D86610 /* Shaders.metal */ = {isa = PBXFileReference; fileEncoding = 4; lastKnownFileType = sourcecode.metal; path = Shaders.metal; sourceTree = "<group>"; };
		BE5DE79E1DD226AF00D86610 /* MetalView.swift */ = {isa = PBXFileReference; fileEncoding = 4; lastKnownFileType = sourcecode.swift; path = MetalView.swift; sourceTree = "<group>"; };
		BE5DE7A01DD226BE00D86610 /* DataStorage.swift */ = {isa = PBXFileReference; fileEncoding = 4; lastKnownFileType = sourcecode.swift; path = DataStorage.swift; sourceTree = "<group>"; };
		BE61964F1DBFDC320081B3E8 /* libpugixml.a */ = {isa = PBXFileReference; lastKnownFileType = archive.ar; name = libpugixml.a; path = ../../../../../usr/local/Cellar/pugixml/1.7/lib/libpugixml.a; sourceTree = "<group>"; };
		BE8B362C1DD547D6007BCC29 /* Credits.rtf */ = {isa = PBXFileReference; fileEncoding = 4; lastKnownFileType = text.rtf; path = Credits.rtf; sourceTree = "<group>"; };
		BE9EB5B41DBEA52000C78EC0 /* Azul-Bridging-Header.h */ = {isa = PBXFileReference; lastKnownFileType = sourcecode.c.h; path = "Azul-Bridging-Header.h"; sourceTree = "<group>"; };
		BEA6D17E1DCE6714005D066F /* azul.entitlements */ = {isa = PBXFileReference; lastKnownFileType = text.plist.entitlements; path = azul.entitlements; sourceTree = "<group>"; };
		BEADB0D91DB8A19600B44D7B /* vertex.glsl */ = {isa = PBXFileReference; fileEncoding = 4; lastKnownFileType = text; path = vertex.glsl; sourceTree = "<group>"; };
		BEADB0DB1DB8BA2500B44D7B /* fragment.glsl */ = {isa = PBXFileReference; fileEncoding = 4; lastKnownFileType = text; path = fragment.glsl; sourceTree = "<group>"; };
		BEB006C51DD2405100C0909D /* vertex.glsl */ = {isa = PBXFileReference; fileEncoding = 4; lastKnownFileType = text; path = vertex.glsl; sourceTree = "<group>"; };
		BEB006C81DD2405E00C0909D /* fragment.glsl */ = {isa = PBXFileReference; fileEncoding = 4; lastKnownFileType = text; path = fragment.glsl; sourceTree = "<group>"; };
		BEB006CA1DD2406400C0909D /* OpenGLView.swift */ = {isa = PBXFileReference; fileEncoding = 4; lastKnownFileType = sourcecode.swift; path = OpenGLView.swift; sourceTree = "<group>"; };
/* End PBXFileReference section */

/* Begin PBXFrameworksBuildPhase section */
		BE4AF9C31DB7D8A0004FCF22 /* Frameworks */ = {
			isa = PBXFrameworksBuildPhase;
			buildActionMask = 2147483647;
			files = (
				BE2CB8AB1DEF26990039785C /* libpugixml.a in Frameworks */,
				BE19D1431DCCE01B00664B07 /* libboost_system-mt.dylib in Frameworks */,
				BE19D1441DCCE01D00664B07 /* libboost_thread-mt.dylib in Frameworks */,
				BE19D1451DCCE01F00664B07 /* libCGAL.12.0.0.dylib in Frameworks */,
				BE19D1461DCCE02600664B07 /* libCGAL_Core.12.0.0.dylib in Frameworks */,
				BE19D1471DCCE02E00664B07 /* libgmp.10.dylib in Frameworks */,
				BE19D1481DCCE03000664B07 /* libmpfr.4.dylib in Frameworks */,
			);
			runOnlyForDeploymentPostprocessing = 0;
		};
/* End PBXFrameworksBuildPhase section */

/* Begin PBXGroup section */
		BE19D12D1DCCDFE700664B07 /* Dynamic libs */ = {
			isa = PBXGroup;
			children = (
				BE19D12E1DCCDFE700664B07 /* libboost_atomic-mt.dylib */,
				BE19D12F1DCCDFE700664B07 /* libboost_chrono-mt.dylib */,
				BE19D1301DCCDFE700664B07 /* libboost_date_time-mt.dylib */,
				BE19D1311DCCDFE700664B07 /* libboost_system-mt.dylib */,
				BE19D1321DCCDFE700664B07 /* libboost_thread-mt.dylib */,
				BE19D1331DCCDFE700664B07 /* libCGAL.12.0.0.dylib */,
				BE19D1341DCCDFE700664B07 /* libCGAL_Core.12.0.0.dylib */,
				BE19D1351DCCDFE700664B07 /* libgmp.10.dylib */,
				BE19D1361DCCDFE700664B07 /* libmpfr.4.dylib */,
			);
			name = "Dynamic libs";
			path = libs;
			sourceTree = "<group>";
		};
		BE2CB8A91DEF26990039785C /* Frameworks */ = {
			isa = PBXGroup;
			children = (
				BE2CB8AA1DEF26990039785C /* libpugixml.a */,
			);
			name = Frameworks;
			sourceTree = "<group>";
		};
		BE4AF9BD1DB7D8A0004FCF22 = {
			isa = PBXGroup;
			children = (
				BEA6D17E1DCE6714005D066F /* azul.entitlements */,
				BE3E5D241DCE72A50065B553 /* LICENSE */,
				BE3E5D261DCE72AA0065B553 /* README.md */,
				BE4AF9C81DB7D8A0004FCF22 /* Source */,
				BE4AF9C71DB7D8A0004FCF22 /* Products */,
				BE19D12D1DCCDFE700664B07 /* Dynamic libs */,
				BE61964E1DBFDC320081B3E8 /* Static libs */,
				BE2CB8A91DEF26990039785C /* Frameworks */,
			);
			sourceTree = "<group>";
		};
		BE4AF9C71DB7D8A0004FCF22 /* Products */ = {
			isa = PBXGroup;
			children = (
				BE4AF9C61DB7D8A0004FCF22 /* azul.app */,
			);
			name = Products;
			sourceTree = "<group>";
		};
		BE4AF9C81DB7D8A0004FCF22 /* Source */ = {
			isa = PBXGroup;
			children = (
				BE4AF9C91DB7D8A1004FCF22 /* Controller.swift */,
				BE5DE7A01DD226BE00D86610 /* DataStorage.swift */,
				BEB006C71DD2405500C0909D /* OpenGL */,
				BE5DE79D1DD2268900D86610 /* Metal */,
				BE5DE7A21DD226C700D86610 /* Parser */,
				BE4AF9CB1DB7D8A1004FCF22 /* Assets.xcassets */,
				BE4AF9CD1DB7D8A1004FCF22 /* MainMenu.xib */,
				BE57BC851DDCF2AC0057EEB7 /* file icon.icns */,
				BE4AF9D01DB7D8A1004FCF22 /* Info.plist */,
				BEADB0D91DB8A19600B44D7B /* vertex.glsl */,
				BEADB0DB1DB8BA2500B44D7B /* fragment.glsl */,
				BE9EB5B41DBEA52000C78EC0 /* Azul-Bridging-Header.h */,
				BE8B362C1DD547D6007BCC29 /* Credits.rtf */,
			);
			name = Source;
			path = src;
			sourceTree = "<group>";
		};
		BE5DE79D1DD2268900D86610 /* Metal */ = {
			isa = PBXGroup;
			children = (
				BE5DE79E1DD226AF00D86610 /* MetalView.swift */,
				BE5DE79B1DD2268100D86610 /* Shaders.metal */,
				BE5DE7991DD2266900D86610 /* Math.swift */,
			);
			name = Metal;
			sourceTree = "<group>";
		};
		BE5DE7A21DD226C700D86610 /* Parser */ = {
			isa = PBXGroup;
			children = (
				BE5DE7931DD2255900D86610 /* CityGMLParserWrapperWrapper.h */,
				BE5DE7941DD2255900D86610 /* CityGMLParserWrapperWrapper.mm */,
				BE5DE7951DD2255900D86610 /* CityGMLParser.hpp */,
				BE5DE7961DD2255900D86610 /* CityGMLParser.cpp */,
			);
			name = Parser;
			sourceTree = "<group>";
		};
		BE61964E1DBFDC320081B3E8 /* Static libs */ = {
			isa = PBXGroup;
			children = (
				BE61964F1DBFDC320081B3E8 /* libpugixml.a */,
			);
			name = "Static libs";
			sourceTree = "<group>";
		};
		BEB006C71DD2405500C0909D /* OpenGL */ = {
			isa = PBXGroup;
			children = (
				BEB006CA1DD2406400C0909D /* OpenGLView.swift */,
				BEB006C81DD2405E00C0909D /* fragment.glsl */,
				BEB006C51DD2405100C0909D /* vertex.glsl */,
			);
			name = OpenGL;
			sourceTree = "<group>";
		};
/* End PBXGroup section */

/* Begin PBXNativeTarget section */
		BE4AF9C51DB7D8A0004FCF22 /* azul */ = {
			isa = PBXNativeTarget;
			buildConfigurationList = BE4AF9D31DB7D8A1004FCF22 /* Build configuration list for PBXNativeTarget "azul" */;
			buildPhases = (
				BE4AF9C21DB7D8A0004FCF22 /* Sources */,
				BE4AF9C31DB7D8A0004FCF22 /* Frameworks */,
				BE4AF9C41DB7D8A0004FCF22 /* Resources */,
				BE19D1491DCCE04500664B07 /* CopyFiles */,
			);
			buildRules = (
			);
			dependencies = (
			);
			name = azul;
			productName = "CityGML Viewer";
			productReference = BE4AF9C61DB7D8A0004FCF22 /* azul.app */;
			productType = "com.apple.product-type.application";
		};
/* End PBXNativeTarget section */

/* Begin PBXProject section */
		BE4AF9BE1DB7D8A0004FCF22 /* Project object */ = {
			isa = PBXProject;
			attributes = {
				LastSwiftUpdateCheck = 0800;
				LastUpgradeCheck = 0810;
				ORGANIZATIONNAME = "Ken Arroyo Ohori";
				TargetAttributes = {
					BE4AF9C51DB7D8A0004FCF22 = {
						CreatedOnToolsVersion = 8.0;
						LastSwiftMigration = 0800;
						ProvisioningStyle = Automatic;
						SystemCapabilities = {
							com.apple.Sandbox = {
								enabled = 1;
							};
						};
					};
				};
			};
			buildConfigurationList = BE4AF9C11DB7D8A0004FCF22 /* Build configuration list for PBXProject "azul" */;
			compatibilityVersion = "Xcode 8.0";
			developmentRegion = English;
			hasScannedForEncodings = 0;
			knownRegions = (
				en,
				Base,
			);
			mainGroup = BE4AF9BD1DB7D8A0004FCF22;
			productRefGroup = BE4AF9C71DB7D8A0004FCF22 /* Products */;
			projectDirPath = "";
			projectRoot = "";
			targets = (
				BE4AF9C51DB7D8A0004FCF22 /* azul */,
			);
		};
/* End PBXProject section */

/* Begin PBXResourcesBuildPhase section */
		BE4AF9C41DB7D8A0004FCF22 /* Resources */ = {
			isa = PBXResourcesBuildPhase;
			buildActionMask = 2147483647;
			files = (
				BEADB0DA1DB8A19600B44D7B /* vertex.glsl in Resources */,
				BE57BC861DDCF2AC0057EEB7 /* file icon.icns in Resources */,
				BE8B362D1DD547D6007BCC29 /* Credits.rtf in Resources */,
				BEADB0DC1DB8BA2500B44D7B /* fragment.glsl in Resources */,
				BE4AF9CC1DB7D8A1004FCF22 /* Assets.xcassets in Resources */,
				BE4AF9CF1DB7D8A1004FCF22 /* MainMenu.xib in Resources */,
				BE3E5D251DCE72A50065B553 /* LICENSE in Resources */,
			);
			runOnlyForDeploymentPostprocessing = 0;
		};
/* End PBXResourcesBuildPhase section */

/* Begin PBXSourcesBuildPhase section */
		BE4AF9C21DB7D8A0004FCF22 /* Sources */ = {
			isa = PBXSourcesBuildPhase;
			buildActionMask = 2147483647;
			files = (
				BE5DE79C1DD2268100D86610 /* Shaders.metal in Sources */,
				BE5DE79F1DD226AF00D86610 /* MetalView.swift in Sources */,
				BE5DE7981DD2255900D86610 /* CityGMLParser.cpp in Sources */,
				BE5DE7A11DD226BE00D86610 /* DataStorage.swift in Sources */,
				BEB006CB1DD2406400C0909D /* OpenGLView.swift in Sources */,
				BE3E5D271DCE72AA0065B553 /* README.md in Sources */,
				BE5DE7971DD2255900D86610 /* CityGMLParserWrapperWrapper.mm in Sources */,
				BE4AF9CA1DB7D8A1004FCF22 /* Controller.swift in Sources */,
				BE5DE79A1DD2266900D86610 /* Math.swift in Sources */,
			);
			runOnlyForDeploymentPostprocessing = 0;
		};
/* End PBXSourcesBuildPhase section */

/* Begin PBXVariantGroup section */
		BE4AF9CD1DB7D8A1004FCF22 /* MainMenu.xib */ = {
			isa = PBXVariantGroup;
			children = (
				BE4AF9CE1DB7D8A1004FCF22 /* Base */,
			);
			name = MainMenu.xib;
			sourceTree = "<group>";
		};
/* End PBXVariantGroup section */

/* Begin XCBuildConfiguration section */
		BE4AF9D11DB7D8A1004FCF22 /* Debug */ = {
			isa = XCBuildConfiguration;
			buildSettings = {
				ALWAYS_SEARCH_USER_PATHS = NO;
				CLANG_ANALYZER_NONNULL = YES;
				CLANG_CXX_LANGUAGE_STANDARD = "gnu++0x";
				CLANG_CXX_LIBRARY = "libc++";
				CLANG_ENABLE_MODULES = YES;
				CLANG_ENABLE_OBJC_ARC = YES;
				CLANG_WARN_BOOL_CONVERSION = YES;
				CLANG_WARN_CONSTANT_CONVERSION = YES;
				CLANG_WARN_DIRECT_OBJC_ISA_USAGE = YES_ERROR;
				CLANG_WARN_DOCUMENTATION_COMMENTS = YES;
				CLANG_WARN_EMPTY_BODY = YES;
				CLANG_WARN_ENUM_CONVERSION = YES;
				CLANG_WARN_INFINITE_RECURSION = YES;
				CLANG_WARN_INT_CONVERSION = YES;
				CLANG_WARN_OBJC_ROOT_CLASS = YES_ERROR;
				CLANG_WARN_SUSPICIOUS_MOVE = YES;
				CLANG_WARN_SUSPICIOUS_MOVES = YES;
				CLANG_WARN_UNREACHABLE_CODE = YES;
				CLANG_WARN__DUPLICATE_METHOD_MATCH = YES;
				CODE_SIGN_IDENTITY = "-";
				COPY_PHASE_STRIP = NO;
				DEBUG_INFORMATION_FORMAT = dwarf;
				ENABLE_STRICT_OBJC_MSGSEND = YES;
				ENABLE_TESTABILITY = YES;
				GCC_C_LANGUAGE_STANDARD = gnu99;
				GCC_DYNAMIC_NO_PIC = NO;
				GCC_NO_COMMON_BLOCKS = YES;
				GCC_OPTIMIZATION_LEVEL = 0;
				GCC_PREPROCESSOR_DEFINITIONS = (
					"DEBUG=1",
					"$(inherited)",
				);
				GCC_WARN_64_TO_32_BIT_CONVERSION = YES;
				GCC_WARN_ABOUT_RETURN_TYPE = YES_ERROR;
				GCC_WARN_UNDECLARED_SELECTOR = YES;
				GCC_WARN_UNINITIALIZED_AUTOS = YES_AGGRESSIVE;
				GCC_WARN_UNUSED_FUNCTION = YES;
				GCC_WARN_UNUSED_VARIABLE = YES;
				MACOSX_DEPLOYMENT_TARGET = 10.12;
				MTL_ENABLE_DEBUG_INFO = YES;
				ONLY_ACTIVE_ARCH = YES;
				SDKROOT = macosx;
				SWIFT_ACTIVE_COMPILATION_CONDITIONS = DEBUG;
				SWIFT_OPTIMIZATION_LEVEL = "-Onone";
			};
			name = Debug;
		};
		BE4AF9D21DB7D8A1004FCF22 /* Release */ = {
			isa = XCBuildConfiguration;
			buildSettings = {
				ALWAYS_SEARCH_USER_PATHS = NO;
				CLANG_ANALYZER_NONNULL = YES;
				CLANG_CXX_LANGUAGE_STANDARD = "gnu++0x";
				CLANG_CXX_LIBRARY = "libc++";
				CLANG_ENABLE_MODULES = YES;
				CLANG_ENABLE_OBJC_ARC = YES;
				CLANG_WARN_BOOL_CONVERSION = YES;
				CLANG_WARN_CONSTANT_CONVERSION = YES;
				CLANG_WARN_DIRECT_OBJC_ISA_USAGE = YES_ERROR;
				CLANG_WARN_DOCUMENTATION_COMMENTS = YES;
				CLANG_WARN_EMPTY_BODY = YES;
				CLANG_WARN_ENUM_CONVERSION = YES;
				CLANG_WARN_INFINITE_RECURSION = YES;
				CLANG_WARN_INT_CONVERSION = YES;
				CLANG_WARN_OBJC_ROOT_CLASS = YES_ERROR;
				CLANG_WARN_SUSPICIOUS_MOVE = YES;
				CLANG_WARN_SUSPICIOUS_MOVES = YES;
				CLANG_WARN_UNREACHABLE_CODE = YES;
				CLANG_WARN__DUPLICATE_METHOD_MATCH = YES;
				CODE_SIGN_IDENTITY = "-";
				COPY_PHASE_STRIP = NO;
				DEBUG_INFORMATION_FORMAT = "dwarf-with-dsym";
				ENABLE_NS_ASSERTIONS = NO;
				ENABLE_STRICT_OBJC_MSGSEND = YES;
				GCC_C_LANGUAGE_STANDARD = gnu99;
				GCC_NO_COMMON_BLOCKS = YES;
				GCC_WARN_64_TO_32_BIT_CONVERSION = YES;
				GCC_WARN_ABOUT_RETURN_TYPE = YES_ERROR;
				GCC_WARN_UNDECLARED_SELECTOR = YES;
				GCC_WARN_UNINITIALIZED_AUTOS = YES_AGGRESSIVE;
				GCC_WARN_UNUSED_FUNCTION = YES;
				GCC_WARN_UNUSED_VARIABLE = YES;
				MACOSX_DEPLOYMENT_TARGET = 10.12;
				MTL_ENABLE_DEBUG_INFO = NO;
				SDKROOT = macosx;
				SWIFT_OPTIMIZATION_LEVEL = "-Owholemodule";
			};
			name = Release;
		};
		BE4AF9D41DB7D8A1004FCF22 /* Debug */ = {
			isa = XCBuildConfiguration;
			buildSettings = {
				ASSETCATALOG_COMPILER_APPICON_NAME = AppIcon;
				CLANG_ENABLE_MODULES = YES;
				CLANG_WARN_DOCUMENTATION_COMMENTS = NO;
				CODE_SIGN_ENTITLEMENTS = azul.entitlements;
				CODE_SIGN_IDENTITY = "Mac Developer";
				COMBINE_HIDPI_IMAGES = YES;
				DEVELOPMENT_TEAM = UD3V83TPY7;
				GCC_OPTIMIZATION_LEVEL = 3;
				HEADER_SEARCH_PATHS = /usr/local/include;
				INFOPLIST_FILE = src/Info.plist;
				LD_RUNPATH_SEARCH_PATHS = "$(inherited) @executable_path/../Frameworks";
				LIBRARY_SEARCH_PATHS = (
					/usr/local/Cellar/pugixml/1.7/lib,
					"$(PROJECT_DIR)/libs",
					"/usr/local/Cellar/pugixml/1.8.1/lib/pugixml-1.8",
				);
				MACOSX_DEPLOYMENT_TARGET = 10.12;
				PRODUCT_BUNDLE_IDENTIFIER = tudelft3d.azul;
				PRODUCT_NAME = "$(TARGET_NAME)";
				SDKROOT = macosx;
				SWIFT_OBJC_BRIDGING_HEADER = "src/Azul-Bridging-Header.h";
				SWIFT_OPTIMIZATION_LEVEL = "-Owholemodule";
				SWIFT_VERSION = 3.0;
			};
			name = Debug;
		};
		BE4AF9D51DB7D8A1004FCF22 /* Release */ = {
			isa = XCBuildConfiguration;
			buildSettings = {
				ASSETCATALOG_COMPILER_APPICON_NAME = AppIcon;
				CLANG_ENABLE_MODULES = YES;
				CLANG_WARN_DOCUMENTATION_COMMENTS = NO;
				CODE_SIGN_ENTITLEMENTS = azul.entitlements;
				CODE_SIGN_IDENTITY = "Mac Developer";
				COMBINE_HIDPI_IMAGES = YES;
				DEVELOPMENT_TEAM = UD3V83TPY7;
				GCC_OPTIMIZATION_LEVEL = s;
				HEADER_SEARCH_PATHS = /usr/local/include;
				INFOPLIST_FILE = src/Info.plist;
				LD_RUNPATH_SEARCH_PATHS = "$(inherited) @executable_path/../Frameworks";
				LIBRARY_SEARCH_PATHS = (
					/usr/local/Cellar/pugixml/1.7/lib,
					"$(PROJECT_DIR)/libs",
					"/usr/local/Cellar/pugixml/1.8.1/lib/pugixml-1.8",
				);
				MACOSX_DEPLOYMENT_TARGET = 10.12;
				PRODUCT_BUNDLE_IDENTIFIER = tudelft3d.azul;
				PRODUCT_NAME = "$(TARGET_NAME)";
				SDKROOT = macosx;
				SWIFT_OBJC_BRIDGING_HEADER = "src/Azul-Bridging-Header.h";
				SWIFT_OPTIMIZATION_LEVEL = "-Owholemodule";
				SWIFT_VERSION = 3.0;
			};
			name = Release;
		};
/* End XCBuildConfiguration section */

/* Begin XCConfigurationList section */
		BE4AF9C11DB7D8A0004FCF22 /* Build configuration list for PBXProject "azul" */ = {
			isa = XCConfigurationList;
			buildConfigurations = (
				BE4AF9D11DB7D8A1004FCF22 /* Debug */,
				BE4AF9D21DB7D8A1004FCF22 /* Release */,
			);
			defaultConfigurationIsVisible = 0;
			defaultConfigurationName = Release;
		};
		BE4AF9D31DB7D8A1004FCF22 /* Build configuration list for PBXNativeTarget "azul" */ = {
			isa = XCConfigurationList;
			buildConfigurations = (
				BE4AF9D41DB7D8A1004FCF22 /* Debug */,
				BE4AF9D51DB7D8A1004FCF22 /* Release */,
			);
			defaultConfigurationIsVisible = 0;
			defaultConfigurationName = Release;
		};
/* End XCConfigurationList section */
	};
	rootObject = BE4AF9BE1DB7D8A0004FCF22 /* Project object */;
}
